// !$*UTF8*$!
{
	archiveVersion = 1;
	classes = {
	};
	objectVersion = 46;
	objects = {

/* Begin PBXBuildFile section */
		DC256FB41DE325DC00302559 /* AppDelegate.swift in Sources */ = {isa = PBXBuildFile; fileRef = DC256FB31DE325DC00302559 /* AppDelegate.swift */; };
		DC256FB61DE325DC00302559 /* ViewController.swift in Sources */ = {isa = PBXBuildFile; fileRef = DC256FB51DE325DC00302559 /* ViewController.swift */; };
		DC256FB91DE325DC00302559 /* Main.storyboard in Resources */ = {isa = PBXBuildFile; fileRef = DC256FB71DE325DC00302559 /* Main.storyboard */; };
		DC256FBB1DE325DC00302559 /* Assets.xcassets in Resources */ = {isa = PBXBuildFile; fileRef = DC256FBA1DE325DC00302559 /* Assets.xcassets */; };
		DC256FBE1DE325DC00302559 /* LaunchScreen.storyboard in Resources */ = {isa = PBXBuildFile; fileRef = DC256FBC1DE325DC00302559 /* LaunchScreen.storyboard */; };
/* End PBXBuildFile section */

/* Begin PBXFileReference section */
		DC256FB01DE325DC00302559 /* Play Music.app */ = {isa = PBXFileReference; explicitFileType = wrapper.application; includeInIndex = 0; path = "Play Music.app"; sourceTree = BUILT_PRODUCTS_DIR; };
		DC256FB31DE325DC00302559 /* AppDelegate.swift */ = {isa = PBXFileReference; lastKnownFileType = sourcecode.swift; path = AppDelegate.swift; sourceTree = "<group>"; };
		DC256FB51DE325DC00302559 /* ViewController.swift */ = {isa = PBXFileReference; lastKnownFileType = sourcecode.swift; path = ViewController.swift; sourceTree = "<group>"; };
		DC256FB81DE325DC00302559 /* Base */ = {isa = PBXFileReference; lastKnownFileType = file.storyboard; name = Base; path = Base.lproj/Main.storyboard; sourceTree = "<group>"; };
		DC256FBA1DE325DC00302559 /* Assets.xcassets */ = {isa = PBXFileReference; lastKnownFileType = folder.assetcatalog; path = Assets.xcassets; sourceTree = "<group>"; };
		DC256FBD1DE325DC00302559 /* Base */ = {isa = PBXFileReference; lastKnownFileType = file.storyboard; name = Base; path = Base.lproj/LaunchScreen.storyboard; sourceTree = "<group>"; };
		DC256FBF1DE325DC00302559 /* Info.plist */ = {isa = PBXFileReference; lastKnownFileType = text.plist.xml; path = Info.plist; sourceTree = "<group>"; };
/* End PBXFileReference section */

/* Begin PBXFrameworksBuildPhase section */
		DC256FAD1DE325DC00302559 /* Frameworks */ = {
			isa = PBXFrameworksBuildPhase;
			buildActionMask = 2147483647;
			files = (
			);
			runOnlyForDeploymentPostprocessing = 0;
		};
/* End PBXFrameworksBuildPhase section */

/* Begin PBXGroup section */
		DC256FA71DE325DC00302559 = {
			isa = PBXGroup;
			children = (
				DC256FB21DE325DC00302559 /* Play Music */,
				DC256FB11DE325DC00302559 /* Products */,
			);
			sourceTree = "<group>";
		};
		DC256FB11DE325DC00302559 /* Products */ = {
			isa = PBXGroup;
			children = (
				DC256FB01DE325DC00302559 /* Play Music.app */,
			);
			name = Products;
			sourceTree = "<group>";
		};
		DC256FB21DE325DC00302559 /* Play Music */ = {
			isa = PBXGroup;
			children = (
				DC256FB31DE325DC00302559 /* AppDelegate.swift */,
				DC256FB51DE325DC00302559 /* ViewController.swift */,
				DC256FB71DE325DC00302559 /* Main.storyboard */,
				DC256FBA1DE325DC00302559 /* Assets.xcassets */,
				DC256FBC1DE325DC00302559 /* LaunchScreen.storyboard */,
				DC256FBF1DE325DC00302559 /* Info.plist */,
			);
			path = "Play Music";
			sourceTree = "<group>";
		};
/* End PBXGroup section */

/* Begin PBXNativeTarget section */
		DC256FAF1DE325DC00302559 /* Play Music */ = {
			isa = PBXNativeTarget;
			buildConfigurationList = DC256FC21DE325DC00302559 /* Build configuration list for PBXNativeTarget "Play Music" */;
			buildPhases = (
				DC256FAC1DE325DC00302559 /* Sources */,
				DC256FAD1DE325DC00302559 /* Frameworks */,
				DC256FAE1DE325DC00302559 /* Resources */,
			);
			buildRules = (
			);
			dependencies = (
			);
			name = "Play Music";
			productName = "Play Music";
			productReference = DC256FB01DE325DC00302559 /* Play Music.app */;
			productType = "com.apple.product-type.application";
		};
/* End PBXNativeTarget section */

/* Begin PBXProject section */
		DC256FA81DE325DC00302559 /* Project object */ = {
			isa = PBXProject;
			attributes = {
				LastSwiftUpdateCheck = 0810;
				LastUpgradeCheck = 0810;
				ORGANIZATIONNAME = doantuan;
				TargetAttributes = {
					DC256FAF1DE325DC00302559 = {
						CreatedOnToolsVersion = 8.1;
						DevelopmentTeam = 25ZS53YZR8;
						ProvisioningStyle = Automatic;
					};
				};
			};
			buildConfigurationList = DC256FAB1DE325DC00302559 /* Build configuration list for PBXProject "Play Music" */;
			compatibilityVersion = "Xcode 3.2";
			developmentRegion = English;
			hasScannedForEncodings = 0;
			knownRegions = (
				en,
				Base,
			);
			mainGroup = DC256FA71DE325DC00302559;
			productRefGroup = DC256FB11DE325DC00302559 /* Products */;
			projectDirPath = "";
			projectRoot = "";
			targets = (
				DC256FAF1DE325DC00302559 /* Play Music */,
			);
		};
/* End PBXProject section */

/* Begin PBXResourcesBuildPhase section */
		DC256FAE1DE325DC00302559 /* Resources */ = {
			isa = PBXResourcesBuildPhase;
			buildActionMask = 2147483647;
			files = (
				DC256FBE1DE325DC00302559 /* LaunchScreen.storyboard in Resources */,
				DC256FBB1DE325DC00302559 /* Assets.xcassets in Resources */,
				DC256FB91DE325DC00302559 /* Main.storyboard in Resources */,
			);
			runOnlyForDeploymentPostprocessing = 0;
		};
/* End PBXResourcesBuildPhase section */

/* Begin PBXSourcesBuildPhase section */
		DC256FAC1DE325DC00302559 /* Sources */ = {
			isa = PBXSourcesBuildPhase;
			buildActionMask = 2147483647;
			files = (
				DC256FB61DE325DC00302559 /* ViewController.swift in Sources */,
				DC256FB41DE325DC00302559 /* AppDelegate.swift in Sources */,
			);
			runOnlyForDeploymentPostprocessing = 0;
		};
/* End PBXSourcesBuildPhase section */

/* Begin PBXVariantGroup section */
		DC256FB71DE325DC00302559 /* Main.storyboard */ = {
			isa = PBXVariantGroup;
			children = (
				DC256FB81DE325DC00302559 /* Base */,
			);
			name = Main.storyboard;
			sourceTree = "<group>";
		};
		DC256FBC1DE325DC00302559 /* LaunchScreen.storyboard */ = {
			isa = PBXVariantGroup;
			children = (
				DC256FBD1DE325DC00302559 /* Base */,
			);
			name = LaunchScreen.storyboard;
			sourceTree = "<group>";
		};
/* End PBXVariantGroup section */

/* Begin XCBuildConfiguration section */
		DC256FC01DE325DC00302559 /* Debug */ = {
			isa = XCBuildConfiguration;
			buildSettings = {
				ALWAYS_SEARCH_USER_PATHS = NO;
				CLANG_ANALYZER_NONNULL = YES;
				CLANG_CXX_LANGUAGE_STANDARD = "gnu++0x";
				CLANG_CXX_LIBRARY = "libc++";
				CLANG_ENABLE_MODULES = YES;
				CLANG_ENABLE_OBJC_ARC = YES;
				CLANG_WARN_BOOL_CONVERSION = YES;
				CLANG_WARN_CONSTANT_CONVERSION = YES;
				CLANG_WARN_DIRECT_OBJC_ISA_USAGE = YES_ERROR;
				CLANG_WARN_DOCUMENTATION_COMMENTS = YES;
				CLANG_WARN_EMPTY_BODY = YES;
				CLANG_WARN_ENUM_CONVERSION = YES;
				CLANG_WARN_INFINITE_RECURSION = YES;
				CLANG_WARN_INT_CONVERSION = YES;
				CLANG_WARN_OBJC_ROOT_CLASS = YES_ERROR;
				CLANG_WARN_SUSPICIOUS_MOVES = YES;
				CLANG_WARN_UNREACHABLE_CODE = YES;
				CLANG_WARN__DUPLICATE_METHOD_MATCH = YES;
				"CODE_SIGN_IDENTITY[sdk=iphoneos*]" = "iPhone Developer";
				COPY_PHASE_STRIP = NO;
				DEBUG_INFORMATION_FORMAT = dwarf;
				ENABLE_STRICT_OBJC_MSGSEND = YES;
				ENABLE_TESTABILITY = YES;
				GCC_C_LANGUAGE_STANDARD = gnu99;
				GCC_DYNAMIC_NO_PIC = NO;
				GCC_NO_COMMON_BLOCKS = YES;
				GCC_OPTIMIZATION_LEVEL = 0;
				GCC_PREPROCESSOR_DEFINITIONS = (
					"DEBUG=1",
					"$(inherited)",
				);
				GCC_WARN_64_TO_32_BIT_CONVERSION = YES;
				GCC_WARN_ABOUT_RETURN_TYPE = YES_ERROR;
				GCC_WARN_UNDECLARED_SELECTOR = YES;
				GCC_WARN_UNINITIALIZED_AUTOS = YES_AGGRESSIVE;
				GCC_WARN_UNUSED_FUNCTION = YES;
				GCC_WARN_UNUSED_VARIABLE = YES;
				IPHONEOS_DEPLOYMENT_TARGET = 10.1;
				MTL_ENABLE_DEBUG_INFO = YES;
				ONLY_ACTIVE_ARCH = YES;
				SDKROOT = iphoneos;
				SWIFT_ACTIVE_COMPILATION_CONDITIONS = DEBUG;
				SWIFT_OPTIMIZATION_LEVEL = "-Onone";
			};
			name = Debug;
		};
		DC256FC11DE325DC00302559 /* Release */ = {
			isa = XCBuildConfiguration;
			buildSettings = {
				ALWAYS_SEARCH_USER_PATHS = NO;
				CLANG_ANALYZER_NONNULL = YES;
				CLANG_CXX_LANGUAGE_STANDARD = "gnu++0x";
				CLANG_CXX_LIBRARY = "libc++";
				CLANG_ENABLE_MODULES = YES;
				CLANG_ENABLE_OBJC_ARC = YES;
				CLANG_WARN_BOOL_CONVERSION = YES;
				CLANG_WARN_CONSTANT_CONVERSION = YES;
				CLANG_WARN_DIRECT_OBJC_ISA_USAGE = YES_ERROR;
				CLANG_WARN_DOCUMENTATION_COMMENTS = YES;
				CLANG_WARN_EMPTY_BODY = YES;
				CLANG_WARN_ENUM_CONVERSION = YES;
				CLANG_WARN_INFINITE_RECURSION = YES;
				CLANG_WARN_INT_CONVERSION = YES;
				CLANG_WARN_OBJC_ROOT_CLASS = YES_ERROR;
				CLANG_WARN_SUSPICIOUS_MOVES = YES;
				CLANG_WARN_UNREACHABLE_CODE = YES;
				CLANG_WARN__DUPLICATE_METHOD_MATCH = YES;
				"CODE_SIGN_IDENTITY[sdk=iphoneos*]" = "iPhone Developer";
				COPY_PHASE_STRIP = NO;
				DEBUG_INFORMATION_FORMAT = "dwarf-with-dsym";
				ENABLE_NS_ASSERTIONS = NO;
				ENABLE_STRICT_OBJC_MSGSEND = YES;
				GCC_C_LANGUAGE_STANDARD = gnu99;
				GCC_NO_COMMON_BLOCKS = YES;
				GCC_WARN_64_TO_32_BIT_CONVERSION = YES;
				GCC_WARN_ABOUT_RETURN_TYPE = YES_ERROR;
				GCC_WARN_UNDECLARED_SELECTOR = YES;
				GCC_WARN_UNINITIALIZED_AUTOS = YES_AGGRESSIVE;
				GCC_WARN_UNUSED_FUNCTION = YES;
				GCC_WARN_UNUSED_VARIABLE = YES;
				IPHONEOS_DEPLOYMENT_TARGET = 10.1;
				MTL_ENABLE_DEBUG_INFO = NO;
				SDKROOT = iphoneos;
				SWIFT_OPTIMIZATION_LEVEL = "-Owholemodule";
				VALIDATE_PRODUCT = YES;
			};
			name = Release;
		};
		DC256FC31DE325DC00302559 /* Debug */ = {
			isa = XCBuildConfiguration;
			buildSettings = {
				ASSETCATALOG_COMPILER_APPICON_NAME = AppIcon;
				DEVELOPMENT_TEAM = 25ZS53YZR8;
				INFOPLIST_FILE = "Play Music/Info.plist";
				LD_RUNPATH_SEARCH_PATHS = "$(inherited) @executable_path/Frameworks";
				PRODUCT_BUNDLE_IDENTIFIER = "doantuan.Play-Music";
				PRODUCT_NAME = "$(TARGET_NAME)";
				SWIFT_VERSION = 3.0;
			};
			name = Debug;
		};
		DC256FC41DE325DC00302559 /* Release */ = {
			isa = XCBuildConfiguration;
			buildSettings = {
				ASSETCATALOG_COMPILER_APPICON_NAME = AppIcon;
				DEVELOPMENT_TEAM = 25ZS53YZR8;
				INFOPLIST_FILE = "Play Music/Info.plist";
				LD_RUNPATH_SEARCH_PATHS = "$(inherited) @executable_path/Frameworks";
				PRODUCT_BUNDLE_IDENTIFIER = "doantuan.Play-Music";
				PRODUCT_NAME = "$(TARGET_NAME)";
				SWIFT_VERSION = 3.0;
			};
			name = Release;
		};
/* End XCBuildConfiguration section */

/* Begin XCConfigurationList section */
		DC256FAB1DE325DC00302559 /* Build configuration list for PBXProject "Play Music" */ = {
			isa = XCConfigurationList;
			buildConfigurations = (
				DC256FC01DE325DC00302559 /* Debug */,
				DC256FC11DE325DC00302559 /* Release */,
			);
			defaultConfigurationIsVisible = 0;
			defaultConfigurationName = Release;
		};
		DC256FC21DE325DC00302559 /* Build configuration list for PBXNativeTarget "Play Music" */ = {
			isa = XCConfigurationList;
			buildConfigurations = (
				DC256FC31DE325DC00302559 /* Debug */,
				DC256FC41DE325DC00302559 /* Release */,
			);
			defaultConfigurationIsVisible = 0;
		};
/* End XCConfigurationList section */
	};
	rootObject = DC256FA81DE325DC00302559 /* Project object */;
}
